
Microsoft Visual Studio Solution File, Format Version 12.00
# Visual Studio Version 17
VisualStudioVersion = 17.5.33627.172
MinimumVisualStudioVersion = 10.0.40219.1
Project("{9A19103F-16F7-4668-BE54-9A1E7A4F7556}") = "XIVDrawer", "XIVDrawer\XIVDrawer.csproj", "{5EF22A3A-92AC-44BE-86A9-C293CC4F3619}"
EndProject
Global
	GlobalSection(SolutionConfigurationPlatforms) = preSolution
		Debug|Any CPU = Debug|Any CPU
		Release|Any CPU = Release|Any CPU
	EndGlobalSection
	GlobalSection(ProjectConfigurationPlatforms) = postSolution
		{5EF22A3A-92AC-44BE-86A9-C293CC4F3619}.Debug|Any CPU.ActiveCfg = Debug|Any CPU
		{5EF22A3A-92AC-44BE-86A9-C293CC4F3619}.Debug|Any CPU.Build.0 = Debug|Any CPU
		{5EF22A3A-92AC-44BE-86A9-C293CC4F3619}.Release|Any CPU.ActiveCfg = Release|Any CPU
		{5EF22A3A-92AC-44BE-86A9-C293CC4F3619}.Release|Any CPU.Build.0 = Release|Any CPU
	EndGlobalSection
	GlobalSection(SolutionProperties) = preSolution
		HideSolutionNode = FALSE
	EndGlobalSection
	GlobalSection(ExtensibilityGlobals) = postSolution
		SolutionGuid = {D604327D-EA60-4D22-8E38-FFC6023DEAA2}
	EndGlobalSection
EndGlobal
